
Microsoft Visual Studio Solution File, Format Version 12.00
# Visual Studio Version 17
VisualStudioVersion = 17.10.35004.147
MinimumVisualStudioVersion = 10.0.40219.1
Project("{FAE04EC0-301F-11D3-BF4B-00C04F79EFBC}") = "Inher_multipal", "Inher_multipal\Inher_multipal.csproj", "{83CBC790-436A-4783-98A7-974CAA3D93B4}"
EndProject
Global
	GlobalSection(SolutionConfigurationPlatforms) = preSolution
		Debug|Any CPU = Debug|Any CPU
		Release|Any CPU = Release|Any CPU
	EndGlobalSection
	GlobalSection(ProjectConfigurationPlatforms) = postSolution
		{83CBC790-436A-4783-98A7-974CAA3D93B4}.Debug|Any CPU.ActiveCfg = Debug|Any CPU
		{83CBC790-436A-4783-98A7-974CAA3D93B4}.Debug|Any CPU.Build.0 = Debug|Any CPU
		{83CBC790-436A-4783-98A7-974CAA3D93B4}.Release|Any CPU.ActiveCfg = Release|Any CPU
		{83CBC790-436A-4783-98A7-974CAA3D93B4}.Release|Any CPU.Build.0 = Release|Any CPU
	EndGlobalSection
	GlobalSection(SolutionProperties) = preSolution
		HideSolutionNode = FALSE
	EndGlobalSection
	GlobalSection(ExtensibilityGlobals) = postSolution
		SolutionGuid = {2960B1A9-2345-475C-B515-509A4B3FAB4C}
	EndGlobalSection
EndGlobal
